// !$*UTF8*$!
{
	archiveVersion = 1;
	classes = {
	};
	objectVersion = 46;
	objects = {

/* Begin PBXBuildFile section */
		D4DB659B1D8C973800EFA6B6 /* AppboyReactUtils.m in Sources */ = {isa = PBXBuildFile; fileRef = D4DB659A1D8C973800EFA6B6 /* AppboyReactUtils.m */; };
		E3D0A75E1C668BB90027828A /* AppboyReactBridge.h in CopyFiles */ = {isa = PBXBuildFile; fileRef = E3D0A75D1C668BB90027828A /* AppboyReactBridge.h */; };
		E3D0A7601C668BB90027828A /* AppboyReactBridge.m in Sources */ = {isa = PBXBuildFile; fileRef = E3D0A75F1C668BB90027828A /* AppboyReactBridge.m */; };
		E53DD00F215408E800DD2259 /* ABKLocationManagerProvider.m in Sources */ = {isa = PBXBuildFile; fileRef = E53DCFDB215408E700DD2259 /* ABKLocationManagerProvider.m */; };
		E53DD011215408E800DD2259 /* ABKModalWebViewController.m in Sources */ = {isa = PBXBuildFile; fileRef = E53DD00B215408E700DD2259 /* ABKModalWebViewController.m */; };
		E53DD012215408E800DD2259 /* ABKIdentifierForAdvertisingProvider.m in Sources */ = {isa = PBXBuildFile; fileRef = E53DD00C215408E700DD2259 /* ABKIdentifierForAdvertisingProvider.m */; };
		E53DD013215408E800DD2259 /* libAppboyKitLibrary.a in Frameworks */ = {isa = PBXBuildFile; fileRef = E53DD00D215408E800DD2259 /* libAppboyKitLibrary.a */; };
		E53DD014215408E800DD2259 /* ABKNoConnectionLocalization.m in Sources */ = {isa = PBXBuildFile; fileRef = E53DD00E215408E800DD2259 /* ABKNoConnectionLocalization.m */; };
		E5980B1A213F22AF00352065 /* SystemConfiguration.framework in Frameworks */ = {isa = PBXBuildFile; fileRef = E5980B19213F22AF00352065 /* SystemConfiguration.framework */; };
		E5980B1E213F22BE00352065 /* CoreImage.framework in Frameworks */ = {isa = PBXBuildFile; fileRef = E5980B1D213F22BE00352065 /* CoreImage.framework */; };
		E5980B20213F22C400352065 /* CoreText.framework in Frameworks */ = {isa = PBXBuildFile; fileRef = E5980B1F213F22C400352065 /* CoreText.framework */; };
		E5980B22213F22CF00352065 /* QuartzCore.framework in Frameworks */ = {isa = PBXBuildFile; fileRef = E5980B21213F22CF00352065 /* QuartzCore.framework */; };
		E5980B24213F22D300352065 /* WebKit.framework in Frameworks */ = {isa = PBXBuildFile; fileRef = E5980B23213F22D300352065 /* WebKit.framework */; };
		E5980B26213F22D700352065 /* CoreTelephony.framework in Frameworks */ = {isa = PBXBuildFile; fileRef = E5980B25213F22D700352065 /* CoreTelephony.framework */; settings = {ATTRIBUTES = (Weak, ); }; };
		E5980B28213F22E000352065 /* Social.framework in Frameworks */ = {isa = PBXBuildFile; fileRef = E5980B27213F22E000352065 /* Social.framework */; settings = {ATTRIBUTES = (Weak, ); }; };
		E5980B2A213F22E800352065 /* Accounts.framework in Frameworks */ = {isa = PBXBuildFile; fileRef = E5980B29213F22E800352065 /* Accounts.framework */; settings = {ATTRIBUTES = (Weak, ); }; };
		E5980B2C213F22EF00352065 /* AdSupport.framework in Frameworks */ = {isa = PBXBuildFile; fileRef = E5980B2B213F22EF00352065 /* AdSupport.framework */; settings = {ATTRIBUTES = (Weak, ); }; };
		E5980B2E213F22F500352065 /* StoreKit.framework in Frameworks */ = {isa = PBXBuildFile; fileRef = E5980B2D213F22F500352065 /* StoreKit.framework */; settings = {ATTRIBUTES = (Weak, ); }; };
/* End PBXBuildFile section */

/* Begin PBXCopyFilesBuildPhase section */
		E3D0A7581C668BB90027828A /* CopyFiles */ = {
			isa = PBXCopyFilesBuildPhase;
			buildActionMask = 2147483647;
			dstPath = "include/$(PRODUCT_NAME)";
			dstSubfolderSpec = 16;
			files = (
				E3D0A75E1C668BB90027828A /* AppboyReactBridge.h in CopyFiles */,
			);
			runOnlyForDeploymentPostprocessing = 0;
		};
/* End PBXCopyFilesBuildPhase section */

/* Begin PBXFileReference section */
		D4DB65991D8C973800EFA6B6 /* AppboyReactUtils.h */ = {isa = PBXFileReference; fileEncoding = 4; lastKnownFileType = sourcecode.c.h; path = AppboyReactUtils.h; sourceTree = "<group>"; };
		D4DB659A1D8C973800EFA6B6 /* AppboyReactUtils.m */ = {isa = PBXFileReference; fileEncoding = 4; lastKnownFileType = sourcecode.c.objc; path = AppboyReactUtils.m; sourceTree = "<group>"; };
		E3D0A75A1C668BB90027828A /* libAppboyReactBridge.a */ = {isa = PBXFileReference; explicitFileType = archive.ar; includeInIndex = 0; path = libAppboyReactBridge.a; sourceTree = BUILT_PRODUCTS_DIR; };
		E3D0A75D1C668BB90027828A /* AppboyReactBridge.h */ = {isa = PBXFileReference; lastKnownFileType = sourcecode.c.h; path = AppboyReactBridge.h; sourceTree = "<group>"; };
		E3D0A75F1C668BB90027828A /* AppboyReactBridge.m */ = {isa = PBXFileReference; lastKnownFileType = sourcecode.c.objc; path = AppboyReactBridge.m; sourceTree = "<group>"; };
		E53DCFDB215408E700DD2259 /* ABKLocationManagerProvider.m */ = {isa = PBXFileReference; fileEncoding = 4; lastKnownFileType = sourcecode.c.objc; path = ABKLocationManagerProvider.m; sourceTree = "<group>"; };
		E53DCFDF215408E700DD2259 /* Appboy.h */ = {isa = PBXFileReference; fileEncoding = 4; lastKnownFileType = sourcecode.c.h; path = Appboy.h; sourceTree = "<group>"; };
		E53DCFE0215408E700DD2259 /* ABKTextAnnouncementCard.h */ = {isa = PBXFileReference; fileEncoding = 4; lastKnownFileType = sourcecode.c.h; path = ABKTextAnnouncementCard.h; sourceTree = "<group>"; };
		E53DCFE1215408E700DD2259 /* ABKContentCardsController.h */ = {isa = PBXFileReference; fileEncoding = 4; lastKnownFileType = sourcecode.c.h; path = ABKContentCardsController.h; sourceTree = "<group>"; };
		E53DCFE2215408E700DD2259 /* ZipArchive_LICENSE.txt */ = {isa = PBXFileReference; fileEncoding = 4; lastKnownFileType = text; path = ZipArchive_LICENSE.txt; sourceTree = "<group>"; };
		E53DCFE3215408E700DD2259 /* ABKInAppMessageFull.h */ = {isa = PBXFileReference; fileEncoding = 4; lastKnownFileType = sourcecode.c.h; path = ABKInAppMessageFull.h; sourceTree = "<group>"; };
		E53DCFE4215408E700DD2259 /* ABKClassicContentCard.h */ = {isa = PBXFileReference; fileEncoding = 4; lastKnownFileType = sourcecode.c.h; path = ABKClassicContentCard.h; sourceTree = "<group>"; };
		E53DCFE5215408E700DD2259 /* ABKInAppMessageControllerDelegate.h */ = {isa = PBXFileReference; fileEncoding = 4; lastKnownFileType = sourcecode.c.h; path = ABKInAppMessageControllerDelegate.h; sourceTree = "<group>"; };
		E53DCFE6215408E700DD2259 /* ABKClassicCard.h */ = {isa = PBXFileReference; fileEncoding = 4; lastKnownFileType = sourcecode.c.h; path = ABKClassicCard.h; sourceTree = "<group>"; };
		E53DCFE7215408E700DD2259 /* ABKBannerContentCard.h */ = {isa = PBXFileReference; fileEncoding = 4; lastKnownFileType = sourcecode.c.h; path = ABKBannerContentCard.h; sourceTree = "<group>"; };
		E53DCFE8215408E700DD2259 /* ABKUser.h */ = {isa = PBXFileReference; fileEncoding = 4; lastKnownFileType = sourcecode.c.h; path = ABKUser.h; sourceTree = "<group>"; };
		E53DCFE9215408E700DD2259 /* ABKContentCard.h */ = {isa = PBXFileReference; fileEncoding = 4; lastKnownFileType = sourcecode.c.h; path = ABKContentCard.h; sourceTree = "<group>"; };
		E53DCFEA215408E700DD2259 /* ABKInAppMessageController.h */ = {isa = PBXFileReference; fileEncoding = 4; lastKnownFileType = sourcecode.c.h; path = ABKInAppMessageController.h; sourceTree = "<group>"; };
		E53DCFEB215408E700DD2259 /* ABKInAppMessageButton.h */ = {isa = PBXFileReference; fileEncoding = 4; lastKnownFileType = sourcecode.c.h; path = ABKInAppMessageButton.h; sourceTree = "<group>"; };
		E53DCFEC215408E700DD2259 /* ABKCrossPromotionCard.h */ = {isa = PBXFileReference; fileEncoding = 4; lastKnownFileType = sourcecode.c.h; path = ABKCrossPromotionCard.h; sourceTree = "<group>"; };
		E53DCFED215408E700DD2259 /* ABKAppboyEndpointDelegate.h */ = {isa = PBXFileReference; fileEncoding = 4; lastKnownFileType = sourcecode.c.h; path = ABKAppboyEndpointDelegate.h; sourceTree = "<group>"; };
		E53DCFEE215408E700DD2259 /* ABKInAppMessage.h */ = {isa = PBXFileReference; fileEncoding = 4; lastKnownFileType = sourcecode.c.h; path = ABKInAppMessage.h; sourceTree = "<group>"; };
		E53DCFEF215408E700DD2259 /* ABKInAppMessageUIControlling.h */ = {isa = PBXFileReference; fileEncoding = 4; lastKnownFileType = sourcecode.c.h; path = ABKInAppMessageUIControlling.h; sourceTree = "<group>"; };
		E53DCFF0215408E700DD2259 /* ABKSDWebImageProxy.h */ = {isa = PBXFileReference; fileEncoding = 4; lastKnownFileType = sourcecode.c.h; path = ABKSDWebImageProxy.h; sourceTree = "<group>"; };
		E53DCFF1215408E700DD2259 /* ABKAttributionData.h */ = {isa = PBXFileReference; fileEncoding = 4; lastKnownFileType = sourcecode.c.h; path = ABKAttributionData.h; sourceTree = "<group>"; };
		E53DCFF2215408E700DD2259 /* ABKPushUtils.h */ = {isa = PBXFileReference; fileEncoding = 4; lastKnownFileType = sourcecode.c.h; path = ABKPushUtils.h; sourceTree = "<group>"; };
		E53DCFF3215408E700DD2259 /* ABKLocationManager.h */ = {isa = PBXFileReference; fileEncoding = 4; lastKnownFileType = sourcecode.c.h; path = ABKLocationManager.h; sourceTree = "<group>"; };
		E53DCFF4215408E700DD2259 /* ABKInAppMessageSlideup.h */ = {isa = PBXFileReference; fileEncoding = 4; lastKnownFileType = sourcecode.c.h; path = ABKInAppMessageSlideup.h; sourceTree = "<group>"; };
		E53DCFF5215408E700DD2259 /* ABKIdentifierForAdvertisingProvider.h */ = {isa = PBXFileReference; fileEncoding = 4; lastKnownFileType = sourcecode.c.h; path = ABKIdentifierForAdvertisingProvider.h; sourceTree = "<group>"; };
		E53DCFF6215408E700DD2259 /* ABKInAppMessageImmersive.h */ = {isa = PBXFileReference; fileEncoding = 4; lastKnownFileType = sourcecode.c.h; path = ABKInAppMessageImmersive.h; sourceTree = "<group>"; };
		E53DCFF7215408E700DD2259 /* ABKCaptionedImageCard.h */ = {isa = PBXFileReference; fileEncoding = 4; lastKnownFileType = sourcecode.c.h; path = ABKCaptionedImageCard.h; sourceTree = "<group>"; };
		E53DCFF8215408E700DD2259 /* ABKFeedback.h */ = {isa = PBXFileReference; fileEncoding = 4; lastKnownFileType = sourcecode.c.h; path = ABKFeedback.h; sourceTree = "<group>"; };
		E53DCFF9215408E700DD2259 /* ABKCaptionedImageContentCard.h */ = {isa = PBXFileReference; fileEncoding = 4; lastKnownFileType = sourcecode.c.h; path = ABKCaptionedImageContentCard.h; sourceTree = "<group>"; };
		E53DCFFA215408E700DD2259 /* ABKFacebookUser.h */ = {isa = PBXFileReference; fileEncoding = 4; lastKnownFileType = sourcecode.c.h; path = ABKFacebookUser.h; sourceTree = "<group>"; };
		E53DCFFB215408E700DD2259 /* ABKInAppMessageHTMLJSBridge.h */ = {isa = PBXFileReference; fileEncoding = 4; lastKnownFileType = sourcecode.c.h; path = ABKInAppMessageHTMLJSBridge.h; sourceTree = "<group>"; };
		E53DCFFC215408E700DD2259 /* ABKModalWebViewController.h */ = {isa = PBXFileReference; fileEncoding = 4; lastKnownFileType = sourcecode.c.h; path = ABKModalWebViewController.h; sourceTree = "<group>"; };
		E53DCFFD215408E700DD2259 /* ABKInAppMessageHTMLFull.h */ = {isa = PBXFileReference; fileEncoding = 4; lastKnownFileType = sourcecode.c.h; path = ABKInAppMessageHTMLFull.h; sourceTree = "<group>"; };
		E53DCFFE215408E700DD2259 /* ABKFeedController.h */ = {isa = PBXFileReference; fileEncoding = 4; lastKnownFileType = sourcecode.c.h; path = ABKFeedController.h; sourceTree = "<group>"; };
		E53DCFFF215408E700DD2259 /* ABKLocationManagerProvider.h */ = {isa = PBXFileReference; fileEncoding = 4; lastKnownFileType = sourcecode.c.h; path = ABKLocationManagerProvider.h; sourceTree = "<group>"; };
		E53DD000215408E700DD2259 /* ABKInAppMessageHTMLJSInterface.h */ = {isa = PBXFileReference; fileEncoding = 4; lastKnownFileType = sourcecode.c.h; path = ABKInAppMessageHTMLJSInterface.h; sourceTree = "<group>"; };
		E53DD001215408E700DD2259 /* ABKURLDelegate.h */ = {isa = PBXFileReference; fileEncoding = 4; lastKnownFileType = sourcecode.c.h; path = ABKURLDelegate.h; sourceTree = "<group>"; };
		E53DD002215408E700DD2259 /* ABKIDFADelegate.h */ = {isa = PBXFileReference; fileEncoding = 4; lastKnownFileType = sourcecode.c.h; path = ABKIDFADelegate.h; sourceTree = "<group>"; };
		E53DD003215408E700DD2259 /* ABKCard.h */ = {isa = PBXFileReference; fileEncoding = 4; lastKnownFileType = sourcecode.c.h; path = ABKCard.h; sourceTree = "<group>"; };
		E53DD004215408E700DD2259 /* AppboyKit.h */ = {isa = PBXFileReference; fileEncoding = 4; lastKnownFileType = sourcecode.c.h; path = AppboyKit.h; sourceTree = "<group>"; };
		E53DD005215408E700DD2259 /* ABKTwitterUser.h */ = {isa = PBXFileReference; fileEncoding = 4; lastKnownFileType = sourcecode.c.h; path = ABKTwitterUser.h; sourceTree = "<group>"; };
		E53DD006215408E700DD2259 /* ABKInAppMessageControl.h */ = {isa = PBXFileReference; fileEncoding = 4; lastKnownFileType = sourcecode.c.h; path = ABKInAppMessageControl.h; sourceTree = "<group>"; };
		E53DD007215408E700DD2259 /* ABKNoConnectionLocalization.h */ = {isa = PBXFileReference; fileEncoding = 4; lastKnownFileType = sourcecode.c.h; path = ABKNoConnectionLocalization.h; sourceTree = "<group>"; };
		E53DD008215408E700DD2259 /* ABKInAppMessageModal.h */ = {isa = PBXFileReference; fileEncoding = 4; lastKnownFileType = sourcecode.c.h; path = ABKInAppMessageModal.h; sourceTree = "<group>"; };
		E53DD009215408E700DD2259 /* ABKBannerCard.h */ = {isa = PBXFileReference; fileEncoding = 4; lastKnownFileType = sourcecode.c.h; path = ABKBannerCard.h; sourceTree = "<group>"; };
		E53DD00A215408E700DD2259 /* ABKInAppMessageHTML.h */ = {isa = PBXFileReference; fileEncoding = 4; lastKnownFileType = sourcecode.c.h; path = ABKInAppMessageHTML.h; sourceTree = "<group>"; };
		E53DD00B215408E700DD2259 /* ABKModalWebViewController.m */ = {isa = PBXFileReference; fileEncoding = 4; lastKnownFileType = sourcecode.c.objc; path = ABKModalWebViewController.m; sourceTree = "<group>"; };
		E53DD00C215408E700DD2259 /* ABKIdentifierForAdvertisingProvider.m */ = {isa = PBXFileReference; fileEncoding = 4; lastKnownFileType = sourcecode.c.objc; path = ABKIdentifierForAdvertisingProvider.m; sourceTree = "<group>"; };
		E53DD00D215408E800DD2259 /* libAppboyKitLibrary.a */ = {isa = PBXFileReference; lastKnownFileType = archive.ar; path = libAppboyKitLibrary.a; sourceTree = "<group>"; };
		E53DD00E215408E800DD2259 /* ABKNoConnectionLocalization.m */ = {isa = PBXFileReference; fileEncoding = 4; lastKnownFileType = sourcecode.c.objc; path = ABKNoConnectionLocalization.m; sourceTree = "<group>"; };
		E5980B19213F22AF00352065 /* SystemConfiguration.framework */ = {isa = PBXFileReference; lastKnownFileType = wrapper.framework; name = SystemConfiguration.framework; path = System/Library/Frameworks/SystemConfiguration.framework; sourceTree = SDKROOT; };
		E5980B1B213F22B500352065 /* libz.tbd */ = {isa = PBXFileReference; lastKnownFileType = "sourcecode.text-based-dylib-definition"; name = libz.tbd; path = usr/lib/libz.tbd; sourceTree = SDKROOT; };
		E5980B1D213F22BE00352065 /* CoreImage.framework */ = {isa = PBXFileReference; lastKnownFileType = wrapper.framework; name = CoreImage.framework; path = System/Library/Frameworks/CoreImage.framework; sourceTree = SDKROOT; };
		E5980B1F213F22C400352065 /* CoreText.framework */ = {isa = PBXFileReference; lastKnownFileType = wrapper.framework; name = CoreText.framework; path = System/Library/Frameworks/CoreText.framework; sourceTree = SDKROOT; };
		E5980B21213F22CF00352065 /* QuartzCore.framework */ = {isa = PBXFileReference; lastKnownFileType = wrapper.framework; name = QuartzCore.framework; path = System/Library/Frameworks/QuartzCore.framework; sourceTree = SDKROOT; };
		E5980B23213F22D300352065 /* WebKit.framework */ = {isa = PBXFileReference; lastKnownFileType = wrapper.framework; name = WebKit.framework; path = System/Library/Frameworks/WebKit.framework; sourceTree = SDKROOT; };
		E5980B25213F22D700352065 /* CoreTelephony.framework */ = {isa = PBXFileReference; lastKnownFileType = wrapper.framework; name = CoreTelephony.framework; path = System/Library/Frameworks/CoreTelephony.framework; sourceTree = SDKROOT; };
		E5980B27213F22E000352065 /* Social.framework */ = {isa = PBXFileReference; lastKnownFileType = wrapper.framework; name = Social.framework; path = System/Library/Frameworks/Social.framework; sourceTree = SDKROOT; };
		E5980B29213F22E800352065 /* Accounts.framework */ = {isa = PBXFileReference; lastKnownFileType = wrapper.framework; name = Accounts.framework; path = System/Library/Frameworks/Accounts.framework; sourceTree = SDKROOT; };
		E5980B2B213F22EF00352065 /* AdSupport.framework */ = {isa = PBXFileReference; lastKnownFileType = wrapper.framework; name = AdSupport.framework; path = System/Library/Frameworks/AdSupport.framework; sourceTree = SDKROOT; };
		E5980B2D213F22F500352065 /* StoreKit.framework */ = {isa = PBXFileReference; lastKnownFileType = wrapper.framework; name = StoreKit.framework; path = System/Library/Frameworks/StoreKit.framework; sourceTree = SDKROOT; };
/* End PBXFileReference section */

/* Begin PBXFrameworksBuildPhase section */
		E3D0A7571C668BB90027828A /* Frameworks */ = {
			isa = PBXFrameworksBuildPhase;
			buildActionMask = 2147483647;
			files = (
				E5980B2E213F22F500352065 /* StoreKit.framework in Frameworks */,
				E5980B2C213F22EF00352065 /* AdSupport.framework in Frameworks */,
				E5980B2A213F22E800352065 /* Accounts.framework in Frameworks */,
				E5980B28213F22E000352065 /* Social.framework in Frameworks */,
				E53DD013215408E800DD2259 /* libAppboyKitLibrary.a in Frameworks */,
				E5980B26213F22D700352065 /* CoreTelephony.framework in Frameworks */,
				E5980B24213F22D300352065 /* WebKit.framework in Frameworks */,
				E5980B22213F22CF00352065 /* QuartzCore.framework in Frameworks */,
				E5980B20213F22C400352065 /* CoreText.framework in Frameworks */,
				E5980B1E213F22BE00352065 /* CoreImage.framework in Frameworks */,
				E5980B1A213F22AF00352065 /* SystemConfiguration.framework in Frameworks */,
			);
			runOnlyForDeploymentPostprocessing = 0;
		};
/* End PBXFrameworksBuildPhase section */

/* Begin PBXGroup section */
		E3D0A7511C668BB90027828A = {
			isa = PBXGroup;
			children = (
				E59809C3213F223900352065 /* AppboyKit */,
				E3D0A75C1C668BB90027828A /* AppboyReactBridge */,
				E3D0A75B1C668BB90027828A /* Products */,
				E5980B18213F22AF00352065 /* Frameworks */,
			);
			sourceTree = "<group>";
		};
		E3D0A75B1C668BB90027828A /* Products */ = {
			isa = PBXGroup;
			children = (
				E3D0A75A1C668BB90027828A /* libAppboyReactBridge.a */,
			);
			name = Products;
			sourceTree = "<group>";
		};
		E3D0A75C1C668BB90027828A /* AppboyReactBridge */ = {
			isa = PBXGroup;
			children = (
				E3D0A75D1C668BB90027828A /* AppboyReactBridge.h */,
				E3D0A75F1C668BB90027828A /* AppboyReactBridge.m */,
				D4DB65991D8C973800EFA6B6 /* AppboyReactUtils.h */,
				D4DB659A1D8C973800EFA6B6 /* AppboyReactUtils.m */,
			);
			path = AppboyReactBridge;
			sourceTree = "<group>";
		};
		E53DCFDD215408E700DD2259 /* headers */ = {
			isa = PBXGroup;
			children = (
				E53DCFDE215408E700DD2259 /* AppboyKitLibrary */,
			);
			path = headers;
			sourceTree = "<group>";
		};
		E53DCFDE215408E700DD2259 /* AppboyKitLibrary */ = {
			isa = PBXGroup;
			children = (
				E53DCFDF215408E700DD2259 /* Appboy.h */,
				E53DCFE0215408E700DD2259 /* ABKTextAnnouncementCard.h */,
				E53DCFE1215408E700DD2259 /* ABKContentCardsController.h */,
				E53DCFE2215408E700DD2259 /* ZipArchive_LICENSE.txt */,
				E53DCFE3215408E700DD2259 /* ABKInAppMessageFull.h */,
				E53DCFE4215408E700DD2259 /* ABKClassicContentCard.h */,
				E53DCFE5215408E700DD2259 /* ABKInAppMessageControllerDelegate.h */,
				E53DCFE6215408E700DD2259 /* ABKClassicCard.h */,
				E53DCFE7215408E700DD2259 /* ABKBannerContentCard.h */,
				E53DCFE8215408E700DD2259 /* ABKUser.h */,
				E53DCFE9215408E700DD2259 /* ABKContentCard.h */,
				E53DCFEA215408E700DD2259 /* ABKInAppMessageController.h */,
				E53DCFEB215408E700DD2259 /* ABKInAppMessageButton.h */,
				E53DCFEC215408E700DD2259 /* ABKCrossPromotionCard.h */,
				E53DCFED215408E700DD2259 /* ABKAppboyEndpointDelegate.h */,
				E53DCFEE215408E700DD2259 /* ABKInAppMessage.h */,
				E53DCFEF215408E700DD2259 /* ABKInAppMessageUIControlling.h */,
				E53DCFF0215408E700DD2259 /* ABKSDWebImageProxy.h */,
				E53DCFF1215408E700DD2259 /* ABKAttributionData.h */,
				E53DCFF2215408E700DD2259 /* ABKPushUtils.h */,
				E53DCFF3215408E700DD2259 /* ABKLocationManager.h */,
				E53DCFF4215408E700DD2259 /* ABKInAppMessageSlideup.h */,
				E53DCFF5215408E700DD2259 /* ABKIdentifierForAdvertisingProvider.h */,
				E53DCFF6215408E700DD2259 /* ABKInAppMessageImmersive.h */,
				E53DCFF7215408E700DD2259 /* ABKCaptionedImageCard.h */,
				E53DCFF8215408E700DD2259 /* ABKFeedback.h */,
				E53DCFF9215408E700DD2259 /* ABKCaptionedImageContentCard.h */,
				E53DCFFA215408E700DD2259 /* ABKFacebookUser.h */,
				E53DCFFB215408E700DD2259 /* ABKInAppMessageHTMLJSBridge.h */,
				E53DCFFC215408E700DD2259 /* ABKModalWebViewController.h */,
				E53DCFFD215408E700DD2259 /* ABKInAppMessageHTMLFull.h */,
				E53DCFFE215408E700DD2259 /* ABKFeedController.h */,
				E53DCFFF215408E700DD2259 /* ABKLocationManagerProvider.h */,
				E53DD000215408E700DD2259 /* ABKInAppMessageHTMLJSInterface.h */,
				E53DD001215408E700DD2259 /* ABKURLDelegate.h */,
				E53DD002215408E700DD2259 /* ABKIDFADelegate.h */,
				E53DD003215408E700DD2259 /* ABKCard.h */,
				E53DD004215408E700DD2259 /* AppboyKit.h */,
				E53DD005215408E700DD2259 /* ABKTwitterUser.h */,
				E53DD006215408E700DD2259 /* ABKInAppMessageControl.h */,
				E53DD007215408E700DD2259 /* ABKNoConnectionLocalization.h */,
				E53DD008215408E700DD2259 /* ABKInAppMessageModal.h */,
				E53DD009215408E700DD2259 /* ABKBannerCard.h */,
				E53DD00A215408E700DD2259 /* ABKInAppMessageHTML.h */,
			);
			path = AppboyKitLibrary;
			sourceTree = "<group>";
		};
		E59809C3213F223900352065 /* AppboyKit */ = {
			isa = PBXGroup;
			children = (
				E53DD00C215408E700DD2259 /* ABKIdentifierForAdvertisingProvider.m */,
				E53DCFDB215408E700DD2259 /* ABKLocationManagerProvider.m */,
				E53DD00B215408E700DD2259 /* ABKModalWebViewController.m */,
				E53DD00E215408E800DD2259 /* ABKNoConnectionLocalization.m */,
				E53DCFDD215408E700DD2259 /* headers */,
				E53DD00D215408E800DD2259 /* libAppboyKitLibrary.a */,
			);
			path = AppboyKit;
			sourceTree = SOURCE_ROOT;
		};
		E5980B18213F22AF00352065 /* Frameworks */ = {
			isa = PBXGroup;
			children = (
				E5980B2D213F22F500352065 /* StoreKit.framework */,
				E5980B2B213F22EF00352065 /* AdSupport.framework */,
				E5980B29213F22E800352065 /* Accounts.framework */,
				E5980B27213F22E000352065 /* Social.framework */,
				E5980B25213F22D700352065 /* CoreTelephony.framework */,
				E5980B23213F22D300352065 /* WebKit.framework */,
				E5980B21213F22CF00352065 /* QuartzCore.framework */,
				E5980B1F213F22C400352065 /* CoreText.framework */,
				E5980B1D213F22BE00352065 /* CoreImage.framework */,
				E5980B1B213F22B500352065 /* libz.tbd */,
				E5980B19213F22AF00352065 /* SystemConfiguration.framework */,
			);
			name = Frameworks;
			sourceTree = "<group>";
		};
/* End PBXGroup section */

/* Begin PBXNativeTarget section */
		E3D0A7591C668BB90027828A /* AppboyReactBridge */ = {
			isa = PBXNativeTarget;
			buildConfigurationList = E3D0A7631C668BB90027828A /* Build configuration list for PBXNativeTarget "AppboyReactBridge" */;
			buildPhases = (
				E3D0A7561C668BB90027828A /* Sources */,
				E3D0A7571C668BB90027828A /* Frameworks */,
				E3D0A7581C668BB90027828A /* CopyFiles */,
			);
			buildRules = (
			);
			dependencies = (
			);
			name = AppboyReactBridge;
			productName = AppboyReactBridge;
			productReference = E3D0A75A1C668BB90027828A /* libAppboyReactBridge.a */;
			productType = "com.apple.product-type.library.static";
		};
/* End PBXNativeTarget section */

/* Begin PBXProject section */
		E3D0A7521C668BB90027828A /* Project object */ = {
			isa = PBXProject;
			attributes = {
				LastUpgradeCheck = 0720;
				ORGANIZATIONNAME = Appboy;
				TargetAttributes = {
					E3D0A7591C668BB90027828A = {
						CreatedOnToolsVersion = 7.2.1;
					};
				};
			};
			buildConfigurationList = E3D0A7551C668BB90027828A /* Build configuration list for PBXProject "AppboyReactBridge" */;
			compatibilityVersion = "Xcode 3.2";
			developmentRegion = English;
			hasScannedForEncodings = 0;
			knownRegions = (
				en,
				de,
				he,
				ar,
				"zh-Hans",
				ja,
				"zh-TW",
				"zh-HK",
				nb,
				es,
				da,
				"es-419",
				et,
				it,
				ms,
				sv,
				km,
				ko,
				fil,
				Base,
				"zh-Hant",
				my,
				pl,
				vi,
				lo,
				"es-MX",
				ru,
				fr,
				fi,
				id,
				nl,
				th,
				pt,
				"pt-PT",
				hi,
				zh,
			);
			mainGroup = E3D0A7511C668BB90027828A;
			productRefGroup = E3D0A75B1C668BB90027828A /* Products */;
			projectDirPath = "";
			projectRoot = "";
			targets = (
				E3D0A7591C668BB90027828A /* AppboyReactBridge */,
			);
		};
/* End PBXProject section */

/* Begin PBXSourcesBuildPhase section */
		E3D0A7561C668BB90027828A /* Sources */ = {
			isa = PBXSourcesBuildPhase;
			buildActionMask = 2147483647;
			files = (
				E53DD00F215408E800DD2259 /* ABKLocationManagerProvider.m in Sources */,
				D4DB659B1D8C973800EFA6B6 /* AppboyReactUtils.m in Sources */,
				E3D0A7601C668BB90027828A /* AppboyReactBridge.m in Sources */,
				E53DD014215408E800DD2259 /* ABKNoConnectionLocalization.m in Sources */,
				E53DD012215408E800DD2259 /* ABKIdentifierForAdvertisingProvider.m in Sources */,
				E53DD011215408E800DD2259 /* ABKModalWebViewController.m in Sources */,
			);
			runOnlyForDeploymentPostprocessing = 0;
		};
/* End PBXSourcesBuildPhase section */

/* Begin XCBuildConfiguration section */
		E3D0A7611C668BB90027828A /* Debug */ = {
			isa = XCBuildConfiguration;
			buildSettings = {
				ALWAYS_SEARCH_USER_PATHS = NO;
				CLANG_CXX_LANGUAGE_STANDARD = "gnu++0x";
				CLANG_CXX_LIBRARY = "libc++";
				CLANG_ENABLE_MODULES = YES;
				CLANG_ENABLE_OBJC_ARC = YES;
				CLANG_WARN_BOOL_CONVERSION = YES;
				CLANG_WARN_CONSTANT_CONVERSION = YES;
				CLANG_WARN_DIRECT_OBJC_ISA_USAGE = YES_ERROR;
				CLANG_WARN_EMPTY_BODY = YES;
				CLANG_WARN_ENUM_CONVERSION = YES;
				CLANG_WARN_INT_CONVERSION = YES;
				CLANG_WARN_OBJC_ROOT_CLASS = YES_ERROR;
				CLANG_WARN_UNREACHABLE_CODE = YES;
				CLANG_WARN__DUPLICATE_METHOD_MATCH = YES;
				"CODE_SIGN_IDENTITY[sdk=iphoneos*]" = "iPhone Developer";
				COPY_PHASE_STRIP = NO;
				DEBUG_INFORMATION_FORMAT = dwarf;
				ENABLE_STRICT_OBJC_MSGSEND = YES;
				ENABLE_TESTABILITY = YES;
				GCC_C_LANGUAGE_STANDARD = gnu99;
				GCC_DYNAMIC_NO_PIC = NO;
				GCC_NO_COMMON_BLOCKS = YES;
				GCC_OPTIMIZATION_LEVEL = 0;
				GCC_PREPROCESSOR_DEFINITIONS = (
					"DEBUG=1",
					"$(inherited)",
				);
				GCC_WARN_64_TO_32_BIT_CONVERSION = YES;
				GCC_WARN_ABOUT_RETURN_TYPE = YES_ERROR;
				GCC_WARN_UNDECLARED_SELECTOR = YES;
				GCC_WARN_UNINITIALIZED_AUTOS = YES_AGGRESSIVE;
				GCC_WARN_UNUSED_FUNCTION = YES;
				GCC_WARN_UNUSED_VARIABLE = YES;
				IPHONEOS_DEPLOYMENT_TARGET = 8.0;
				MTL_ENABLE_DEBUG_INFO = YES;
				ONLY_ACTIVE_ARCH = YES;
				SDKROOT = iphoneos;
			};
			name = Debug;
		};
		E3D0A7621C668BB90027828A /* Release */ = {
			isa = XCBuildConfiguration;
			buildSettings = {
				ALWAYS_SEARCH_USER_PATHS = NO;
				CLANG_CXX_LANGUAGE_STANDARD = "gnu++0x";
				CLANG_CXX_LIBRARY = "libc++";
				CLANG_ENABLE_MODULES = YES;
				CLANG_ENABLE_OBJC_ARC = YES;
				CLANG_WARN_BOOL_CONVERSION = YES;
				CLANG_WARN_CONSTANT_CONVERSION = YES;
				CLANG_WARN_DIRECT_OBJC_ISA_USAGE = YES_ERROR;
				CLANG_WARN_EMPTY_BODY = YES;
				CLANG_WARN_ENUM_CONVERSION = YES;
				CLANG_WARN_INT_CONVERSION = YES;
				CLANG_WARN_OBJC_ROOT_CLASS = YES_ERROR;
				CLANG_WARN_UNREACHABLE_CODE = YES;
				CLANG_WARN__DUPLICATE_METHOD_MATCH = YES;
				"CODE_SIGN_IDENTITY[sdk=iphoneos*]" = "iPhone Developer";
				COPY_PHASE_STRIP = NO;
				DEBUG_INFORMATION_FORMAT = "dwarf-with-dsym";
				ENABLE_NS_ASSERTIONS = NO;
				ENABLE_STRICT_OBJC_MSGSEND = YES;
				GCC_C_LANGUAGE_STANDARD = gnu99;
				GCC_NO_COMMON_BLOCKS = YES;
				GCC_WARN_64_TO_32_BIT_CONVERSION = YES;
				GCC_WARN_ABOUT_RETURN_TYPE = YES_ERROR;
				GCC_WARN_UNDECLARED_SELECTOR = YES;
				GCC_WARN_UNINITIALIZED_AUTOS = YES_AGGRESSIVE;
				GCC_WARN_UNUSED_FUNCTION = YES;
				GCC_WARN_UNUSED_VARIABLE = YES;
				IPHONEOS_DEPLOYMENT_TARGET = 8.0;
				MTL_ENABLE_DEBUG_INFO = NO;
				SDKROOT = iphoneos;
				VALIDATE_PRODUCT = YES;
			};
			name = Release;
		};
		E3D0A7641C668BB90027828A /* Debug */ = {
			isa = XCBuildConfiguration;
			buildSettings = {
				HEADER_SEARCH_PATHS = (
					"$(inherited)",
					/Applications/Xcode.app/Contents/Developer/Toolchains/XcodeDefault.xctoolchain/usr/include,
					APPBOY_LIBRARY_SEARCH_PATH,
					"$(SRCROOT)/../../../../ios/Pods/Appboy-iOS-SDK/**",
					"$(SRCROOT)/../../../react-native/React/**",
				);
				LIBRARY_SEARCH_PATHS = (
					"$(inherited)",
					"$(SRCROOT)/../../../../ios/AppboyKit",
					"$(PROJECT_DIR)/AppboyKit",
				);
				OTHER_LDFLAGS = "-ObjC";
				PRODUCT_NAME = "$(TARGET_NAME)";
				SKIP_INSTALL = YES;
			};
			name = Debug;
		};
		E3D0A7651C668BB90027828A /* Release */ = {
			isa = XCBuildConfiguration;
			buildSettings = {
				HEADER_SEARCH_PATHS = (
					"$(inherited)",
					/Applications/Xcode.app/Contents/Developer/Toolchains/XcodeDefault.xctoolchain/usr/include,
					APPBOY_LIBRARY_SEARCH_PATH,
					"$(SRCROOT)/../../../../ios/Pods/Appboy-iOS-SDK/**",
					"$(SRCROOT)/../../../react-native/React/**",
				);
				LIBRARY_SEARCH_PATHS = (
					"$(inherited)",
					"$(SRCROOT)/../../../../ios/AppboyKit",
					"$(PROJECT_DIR)/AppboyKit",
				);
				OTHER_LDFLAGS = "-ObjC";
				PRODUCT_NAME = "$(TARGET_NAME)";
				SKIP_INSTALL = YES;
			};
			name = Release;
		};
/* End XCBuildConfiguration section */

/* Begin XCConfigurationList section */
		E3D0A7551C668BB90027828A /* Build configuration list for PBXProject "AppboyReactBridge" */ = {
			isa = XCConfigurationList;
			buildConfigurations = (
				E3D0A7611C668BB90027828A /* Debug */,
				E3D0A7621C668BB90027828A /* Release */,
			);
			defaultConfigurationIsVisible = 0;
			defaultConfigurationName = Release;
		};
		E3D0A7631C668BB90027828A /* Build configuration list for PBXNativeTarget "AppboyReactBridge" */ = {
			isa = XCConfigurationList;
			buildConfigurations = (
				E3D0A7641C668BB90027828A /* Debug */,
				E3D0A7651C668BB90027828A /* Release */,
			);
			defaultConfigurationIsVisible = 0;
			defaultConfigurationName = Release;
		};
/* End XCConfigurationList section */
	};
	rootObject = E3D0A7521C668BB90027828A /* Project object */;
}
